
Microsoft Visual Studio Solution File, Format Version 12.00
# Visual Studio Version 17
VisualStudioVersion = 17.14.36127.28
MinimumVisualStudioVersion = 10.0.40219.1
Project("{FAE04EC0-301F-11D3-BF4B-00C04F79EFBC}") = "MiniClinicaApp.Api", "MiniClinicaApp.Api\MiniClinicaApp.Api.csproj", "{7898599A-3692-4D31-9E86-8ADFB92D7347}"
	ProjectSection(ProjectDependencies) = postProject
		{F1796E49-6230-4A07-A178-1B8B443980FD} = {F1796E49-6230-4A07-A178-1B8B443980FD}
	EndProjectSection
EndProject
Project("{FAE04EC0-301F-11D3-BF4B-00C04F79EFBC}") = "MiniClinicaApp1.Desktop", "MiniClinicaApp1.Desktop\MiniClinicaApp1.Desktop.csproj", "{F1796E49-6230-4A07-A178-1B8B443980FD}"
EndProject
Global
	GlobalSection(SolutionConfigurationPlatforms) = preSolution
		Debug|Any CPU = Debug|Any CPU
		Release|Any CPU = Release|Any CPU
	EndGlobalSection
	GlobalSection(ProjectConfigurationPlatforms) = postSolution
		{7898599A-3692-4D31-9E86-8ADFB92D7347}.Debug|Any CPU.ActiveCfg = Debug|Any CPU
		{7898599A-3692-4D31-9E86-8ADFB92D7347}.Debug|Any CPU.Build.0 = Debug|Any CPU
		{7898599A-3692-4D31-9E86-8ADFB92D7347}.Release|Any CPU.ActiveCfg = Release|Any CPU
		{7898599A-3692-4D31-9E86-8ADFB92D7347}.Release|Any CPU.Build.0 = Release|Any CPU
		{F1796E49-6230-4A07-A178-1B8B443980FD}.Debug|Any CPU.ActiveCfg = Debug|Any CPU
		{F1796E49-6230-4A07-A178-1B8B443980FD}.Debug|Any CPU.Build.0 = Debug|Any CPU
		{F1796E49-6230-4A07-A178-1B8B443980FD}.Release|Any CPU.ActiveCfg = Release|Any CPU
		{F1796E49-6230-4A07-A178-1B8B443980FD}.Release|Any CPU.Build.0 = Release|Any CPU
	EndGlobalSection
	GlobalSection(SolutionProperties) = preSolution
		HideSolutionNode = FALSE
	EndGlobalSection
	GlobalSection(ExtensibilityGlobals) = postSolution
		SolutionGuid = {3CB78C60-439E-4417-A3FE-74D05CDD0482}
	EndGlobalSection
EndGlobal
